
Microsoft Visual Studio Solution File, Format Version 12.00
# Visual Studio Version 17
VisualStudioVersion = 17.6.33815.320
MinimumVisualStudioVersion = 10.0.40219.1
Project("{FAE04EC0-301F-11D3-BF4B-00C04F79EFBC}") = "EntityFrameworkApp", "EntityFrameworkApp.csproj", "{BEA815BA-9F5C-4F67-B828-5D03AC77DA9E}"
EndProject
Global
	GlobalSection(SolutionConfigurationPlatforms) = preSolution
		Debug|Any CPU = Debug|Any CPU
		Release|Any CPU = Release|Any CPU
	EndGlobalSection
	GlobalSection(ProjectConfigurationPlatforms) = postSolution
		{BEA815BA-9F5C-4F67-B828-5D03AC77DA9E}.Debug|Any CPU.ActiveCfg = Debug|Any CPU
		{BEA815BA-9F5C-4F67-B828-5D03AC77DA9E}.Debug|Any CPU.Build.0 = Debug|Any CPU
		{BEA815BA-9F5C-4F67-B828-5D03AC77DA9E}.Release|Any CPU.ActiveCfg = Release|Any CPU
		{BEA815BA-9F5C-4F67-B828-5D03AC77DA9E}.Release|Any CPU.Build.0 = Release|Any CPU
	EndGlobalSection
	GlobalSection(SolutionProperties) = preSolution
		HideSolutionNode = FALSE
	EndGlobalSection
	GlobalSection(ExtensibilityGlobals) = postSolution
		SolutionGuid = {0A92160C-805C-44DE-9C3D-767A20250950}
	EndGlobalSection
EndGlobal
