
Microsoft Visual Studio Solution File, Format Version 12.00
# Visual Studio Version 17
VisualStudioVersion = 17.6.33801.468
MinimumVisualStudioVersion = 10.0.40219.1
Project("{FAE04EC0-301F-11D3-BF4B-00C04F79EFBC}") = "ModelBinding", "ModelBinding.csproj", "{F83F1806-F560-4D39-B3D6-B6037EE1FB39}"
EndProject
Global
	GlobalSection(SolutionConfigurationPlatforms) = preSolution
		Debug|Any CPU = Debug|Any CPU
		Release|Any CPU = Release|Any CPU
	EndGlobalSection
	GlobalSection(ProjectConfigurationPlatforms) = postSolution
		{F83F1806-F560-4D39-B3D6-B6037EE1FB39}.Debug|Any CPU.ActiveCfg = Debug|Any CPU
		{F83F1806-F560-4D39-B3D6-B6037EE1FB39}.Debug|Any CPU.Build.0 = Debug|Any CPU
		{F83F1806-F560-4D39-B3D6-B6037EE1FB39}.Release|Any CPU.ActiveCfg = Release|Any CPU
		{F83F1806-F560-4D39-B3D6-B6037EE1FB39}.Release|Any CPU.Build.0 = Release|Any CPU
	EndGlobalSection
	GlobalSection(SolutionProperties) = preSolution
		HideSolutionNode = FALSE
	EndGlobalSection
	GlobalSection(ExtensibilityGlobals) = postSolution
		SolutionGuid = {304B8A5D-A134-4F64-8DC6-A5F4A34E1031}
	EndGlobalSection
EndGlobal
