
Microsoft Visual Studio Solution File, Format Version 12.00
# Visual Studio Version 17
VisualStudioVersion = 17.6.33801.468
MinimumVisualStudioVersion = 10.0.40219.1
Project("{FAE04EC0-301F-11D3-BF4B-00C04F79EFBC}") = "WebApplication4", "WebApplication4.csproj", "{80952750-847D-4C76-8970-BEC51A0E0B0A}"
EndProject
Global
	GlobalSection(SolutionConfigurationPlatforms) = preSolution
		Debug|Any CPU = Debug|Any CPU
		Release|Any CPU = Release|Any CPU
	EndGlobalSection
	GlobalSection(ProjectConfigurationPlatforms) = postSolution
		{80952750-847D-4C76-8970-BEC51A0E0B0A}.Debug|Any CPU.ActiveCfg = Debug|Any CPU
		{80952750-847D-4C76-8970-BEC51A0E0B0A}.Debug|Any CPU.Build.0 = Debug|Any CPU
		{80952750-847D-4C76-8970-BEC51A0E0B0A}.Release|Any CPU.ActiveCfg = Release|Any CPU
		{80952750-847D-4C76-8970-BEC51A0E0B0A}.Release|Any CPU.Build.0 = Release|Any CPU
	EndGlobalSection
	GlobalSection(SolutionProperties) = preSolution
		HideSolutionNode = FALSE
	EndGlobalSection
	GlobalSection(ExtensibilityGlobals) = postSolution
		SolutionGuid = {748615CD-F98E-4FB1-829F-240C19AE76EB}
	EndGlobalSection
EndGlobal
