
Microsoft Visual Studio Solution File, Format Version 12.00
# Visual Studio Version 16
VisualStudioVersion = 16.0.31624.102
MinimumVisualStudioVersion = 10.0.40219.1
Project("{FAE04EC0-301F-11D3-BF4B-00C04F79EFBC}") = "PartialViews", "PartialViews.csproj", "{D043C5CA-D5CA-4AD7-8155-0BA21A3AA785}"
EndProject
Global
	GlobalSection(SolutionConfigurationPlatforms) = preSolution
		Debug|Any CPU = Debug|Any CPU
		Release|Any CPU = Release|Any CPU
	EndGlobalSection
	GlobalSection(ProjectConfigurationPlatforms) = postSolution
		{D043C5CA-D5CA-4AD7-8155-0BA21A3AA785}.Debug|Any CPU.ActiveCfg = Debug|Any CPU
		{D043C5CA-D5CA-4AD7-8155-0BA21A3AA785}.Debug|Any CPU.Build.0 = Debug|Any CPU
		{D043C5CA-D5CA-4AD7-8155-0BA21A3AA785}.Release|Any CPU.ActiveCfg = Release|Any CPU
		{D043C5CA-D5CA-4AD7-8155-0BA21A3AA785}.Release|Any CPU.Build.0 = Release|Any CPU
	EndGlobalSection
	GlobalSection(SolutionProperties) = preSolution
		HideSolutionNode = FALSE
	EndGlobalSection
	GlobalSection(ExtensibilityGlobals) = postSolution
		SolutionGuid = {F5E2992E-19DC-45CA-87F5-6C50F888C1D1}
	EndGlobalSection
EndGlobal
