
Microsoft Visual Studio Solution File, Format Version 12.00
# Visual Studio Version 17
VisualStudioVersion = 17.6.33801.468
MinimumVisualStudioVersion = 10.0.40219.1
Project("{FAE04EC0-301F-11D3-BF4B-00C04F79EFBC}") = "DbFirstExample", "DbFirstExample.csproj", "{A1127F20-DE25-4B49-9076-9BCEF4A2DA94}"
EndProject
Global
	GlobalSection(SolutionConfigurationPlatforms) = preSolution
		Debug|Any CPU = Debug|Any CPU
		Release|Any CPU = Release|Any CPU
	EndGlobalSection
	GlobalSection(ProjectConfigurationPlatforms) = postSolution
		{A1127F20-DE25-4B49-9076-9BCEF4A2DA94}.Debug|Any CPU.ActiveCfg = Debug|Any CPU
		{A1127F20-DE25-4B49-9076-9BCEF4A2DA94}.Debug|Any CPU.Build.0 = Debug|Any CPU
		{A1127F20-DE25-4B49-9076-9BCEF4A2DA94}.Release|Any CPU.ActiveCfg = Release|Any CPU
		{A1127F20-DE25-4B49-9076-9BCEF4A2DA94}.Release|Any CPU.Build.0 = Release|Any CPU
	EndGlobalSection
	GlobalSection(SolutionProperties) = preSolution
		HideSolutionNode = FALSE
	EndGlobalSection
	GlobalSection(ExtensibilityGlobals) = postSolution
		SolutionGuid = {3D1FB002-7824-4651-BFAE-3F16D3BD09D9}
	EndGlobalSection
EndGlobal
