
Microsoft Visual Studio Solution File, Format Version 12.00
# Visual Studio Version 17
VisualStudioVersion = 17.6.33801.468
MinimumVisualStudioVersion = 10.0.40219.1
Project("{9A19103F-16F7-4668-BE54-9A1E7A4F7556}") = "FileHandling", "FileHandling\FileHandling.csproj", "{A05E3A14-E890-4E6D-A1EF-9BAD7ADC4DA8}"
EndProject
Project("{FAE04EC0-301F-11D3-BF4B-00C04F79EFBC}") = "SerializationWithCore", "SerializationWithCore\SerializationWithCore.csproj", "{E6A6027B-E7B8-4F96-ABB1-861DED3C4374}"
EndProject
Project("{FAE04EC0-301F-11D3-BF4B-00C04F79EFBC}") = "ReflectionExample", "ReflectionExample\ReflectionExample.csproj", "{FFBFD8C9-6F29-47E8-9CD1-D0E4FEB1293D}"
EndProject
Project("{FAE04EC0-301F-11D3-BF4B-00C04F79EFBC}") = "OperatorOverLoading", "OperatorOverLoading\OperatorOverLoading.csproj", "{04E396F9-CC9A-45A9-9034-713E95721D9E}"
EndProject
Project("{FAE04EC0-301F-11D3-BF4B-00C04F79EFBC}") = "Indexers", "Indexers\Indexers.csproj", "{D5FE6088-57FE-41A2-9598-A928179339F0}"
EndProject
Global
	GlobalSection(SolutionConfigurationPlatforms) = preSolution
		Debug|Any CPU = Debug|Any CPU
		Release|Any CPU = Release|Any CPU
	EndGlobalSection
	GlobalSection(ProjectConfigurationPlatforms) = postSolution
		{A05E3A14-E890-4E6D-A1EF-9BAD7ADC4DA8}.Debug|Any CPU.ActiveCfg = Debug|Any CPU
		{A05E3A14-E890-4E6D-A1EF-9BAD7ADC4DA8}.Debug|Any CPU.Build.0 = Debug|Any CPU
		{A05E3A14-E890-4E6D-A1EF-9BAD7ADC4DA8}.Release|Any CPU.ActiveCfg = Release|Any CPU
		{A05E3A14-E890-4E6D-A1EF-9BAD7ADC4DA8}.Release|Any CPU.Build.0 = Release|Any CPU
		{E6A6027B-E7B8-4F96-ABB1-861DED3C4374}.Debug|Any CPU.ActiveCfg = Debug|Any CPU
		{E6A6027B-E7B8-4F96-ABB1-861DED3C4374}.Debug|Any CPU.Build.0 = Debug|Any CPU
		{E6A6027B-E7B8-4F96-ABB1-861DED3C4374}.Release|Any CPU.ActiveCfg = Release|Any CPU
		{E6A6027B-E7B8-4F96-ABB1-861DED3C4374}.Release|Any CPU.Build.0 = Release|Any CPU
		{FFBFD8C9-6F29-47E8-9CD1-D0E4FEB1293D}.Debug|Any CPU.ActiveCfg = Debug|Any CPU
		{FFBFD8C9-6F29-47E8-9CD1-D0E4FEB1293D}.Debug|Any CPU.Build.0 = Debug|Any CPU
		{FFBFD8C9-6F29-47E8-9CD1-D0E4FEB1293D}.Release|Any CPU.ActiveCfg = Release|Any CPU
		{FFBFD8C9-6F29-47E8-9CD1-D0E4FEB1293D}.Release|Any CPU.Build.0 = Release|Any CPU
		{04E396F9-CC9A-45A9-9034-713E95721D9E}.Debug|Any CPU.ActiveCfg = Debug|Any CPU
		{04E396F9-CC9A-45A9-9034-713E95721D9E}.Debug|Any CPU.Build.0 = Debug|Any CPU
		{04E396F9-CC9A-45A9-9034-713E95721D9E}.Release|Any CPU.ActiveCfg = Release|Any CPU
		{04E396F9-CC9A-45A9-9034-713E95721D9E}.Release|Any CPU.Build.0 = Release|Any CPU
		{D5FE6088-57FE-41A2-9598-A928179339F0}.Debug|Any CPU.ActiveCfg = Debug|Any CPU
		{D5FE6088-57FE-41A2-9598-A928179339F0}.Debug|Any CPU.Build.0 = Debug|Any CPU
		{D5FE6088-57FE-41A2-9598-A928179339F0}.Release|Any CPU.ActiveCfg = Release|Any CPU
		{D5FE6088-57FE-41A2-9598-A928179339F0}.Release|Any CPU.Build.0 = Release|Any CPU
	EndGlobalSection
	GlobalSection(SolutionProperties) = preSolution
		HideSolutionNode = FALSE
	EndGlobalSection
	GlobalSection(ExtensibilityGlobals) = postSolution
		SolutionGuid = {E4DE72EC-19F6-4A76-BB23-045A13A354D4}
	EndGlobalSection
EndGlobal
