
Microsoft Visual Studio Solution File, Format Version 12.00
# Visual Studio Version 17
VisualStudioVersion = 17.6.33815.320
MinimumVisualStudioVersion = 10.0.40219.1
Project("{FAE04EC0-301F-11D3-BF4B-00C04F79EFBC}") = "day8_lab_assignment", "day8_lab_assignment\day8_lab_assignment.csproj", "{18F071B6-7140-455C-9519-1A5777E7816D}"
EndProject
Global
	GlobalSection(SolutionConfigurationPlatforms) = preSolution
		Debug|Any CPU = Debug|Any CPU
		Release|Any CPU = Release|Any CPU
	EndGlobalSection
	GlobalSection(ProjectConfigurationPlatforms) = postSolution
		{18F071B6-7140-455C-9519-1A5777E7816D}.Debug|Any CPU.ActiveCfg = Debug|Any CPU
		{18F071B6-7140-455C-9519-1A5777E7816D}.Debug|Any CPU.Build.0 = Debug|Any CPU
		{18F071B6-7140-455C-9519-1A5777E7816D}.Release|Any CPU.ActiveCfg = Release|Any CPU
		{18F071B6-7140-455C-9519-1A5777E7816D}.Release|Any CPU.Build.0 = Release|Any CPU
	EndGlobalSection
	GlobalSection(SolutionProperties) = preSolution
		HideSolutionNode = FALSE
	EndGlobalSection
	GlobalSection(ExtensibilityGlobals) = postSolution
		SolutionGuid = {63336521-0803-4CCC-823E-17F865BB747A}
	EndGlobalSection
EndGlobal
