
Microsoft Visual Studio Solution File, Format Version 12.00
# Visual Studio Version 17
VisualStudioVersion = 17.8.34322.80
MinimumVisualStudioVersion = 10.0.40219.1
Project("{FAE04EC0-301F-11D3-BF4B-00C04F79EFBC}") = "Day8_Lab_DB", "Day8_Lab_DB\Day8_Lab_DB.csproj", "{51C47E6B-84FC-48AF-9FBD-5A90402215FA}"
EndProject
Global
	GlobalSection(SolutionConfigurationPlatforms) = preSolution
		Debug|Any CPU = Debug|Any CPU
		Release|Any CPU = Release|Any CPU
	EndGlobalSection
	GlobalSection(ProjectConfigurationPlatforms) = postSolution
		{51C47E6B-84FC-48AF-9FBD-5A90402215FA}.Debug|Any CPU.ActiveCfg = Debug|Any CPU
		{51C47E6B-84FC-48AF-9FBD-5A90402215FA}.Debug|Any CPU.Build.0 = Debug|Any CPU
		{51C47E6B-84FC-48AF-9FBD-5A90402215FA}.Release|Any CPU.ActiveCfg = Release|Any CPU
		{51C47E6B-84FC-48AF-9FBD-5A90402215FA}.Release|Any CPU.Build.0 = Release|Any CPU
	EndGlobalSection
	GlobalSection(SolutionProperties) = preSolution
		HideSolutionNode = FALSE
	EndGlobalSection
	GlobalSection(ExtensibilityGlobals) = postSolution
		SolutionGuid = {7986EB13-669B-47BD-A4B5-35242E1F4885}
	EndGlobalSection
EndGlobal
