
Microsoft Visual Studio Solution File, Format Version 12.00
# Visual Studio Version 17
VisualStudioVersion = 17.6.33801.468
MinimumVisualStudioVersion = 10.0.40219.1
Project("{9A19103F-16F7-4668-BE54-9A1E7A4F7556}") = "ThreadingContinued", "ThreadingContinued\ThreadingContinued.csproj", "{BDF6EAFB-3535-4227-8CF8-B4AF8D725200}"
EndProject
Project("{FAE04EC0-301F-11D3-BF4B-00C04F79EFBC}") = "AsyncCodeWithDelegates", "AsyncCodeWithDelegates\AsyncCodeWithDelegates.csproj", "{00875A26-3613-4B88-8002-F067E7BC1D83}"
EndProject
Project("{9A19103F-16F7-4668-BE54-9A1E7A4F7556}") = "WorkingWithTasks", "WorkingWithTasks\WorkingWithTasks.csproj", "{5806BBDF-C875-46D1-AC49-7AB0D9041328}"
EndProject
Project("{FAE04EC0-301F-11D3-BF4B-00C04F79EFBC}") = "AsyncAwait", "AsyncAwait\AsyncAwait.csproj", "{0F295120-C567-40E8-AAC5-BF78C4235AC4}"
EndProject
Project("{FAE04EC0-301F-11D3-BF4B-00C04F79EFBC}") = "TPLExamples", "TPLExamples\TPLExamples.csproj", "{A8387D2A-8527-41FF-A85A-0767EE7860AE}"
EndProject
Global
	GlobalSection(SolutionConfigurationPlatforms) = preSolution
		Debug|Any CPU = Debug|Any CPU
		Release|Any CPU = Release|Any CPU
	EndGlobalSection
	GlobalSection(ProjectConfigurationPlatforms) = postSolution
		{BDF6EAFB-3535-4227-8CF8-B4AF8D725200}.Debug|Any CPU.ActiveCfg = Debug|Any CPU
		{BDF6EAFB-3535-4227-8CF8-B4AF8D725200}.Debug|Any CPU.Build.0 = Debug|Any CPU
		{BDF6EAFB-3535-4227-8CF8-B4AF8D725200}.Release|Any CPU.ActiveCfg = Release|Any CPU
		{BDF6EAFB-3535-4227-8CF8-B4AF8D725200}.Release|Any CPU.Build.0 = Release|Any CPU
		{00875A26-3613-4B88-8002-F067E7BC1D83}.Debug|Any CPU.ActiveCfg = Debug|Any CPU
		{00875A26-3613-4B88-8002-F067E7BC1D83}.Debug|Any CPU.Build.0 = Debug|Any CPU
		{00875A26-3613-4B88-8002-F067E7BC1D83}.Release|Any CPU.ActiveCfg = Release|Any CPU
		{00875A26-3613-4B88-8002-F067E7BC1D83}.Release|Any CPU.Build.0 = Release|Any CPU
		{5806BBDF-C875-46D1-AC49-7AB0D9041328}.Debug|Any CPU.ActiveCfg = Debug|Any CPU
		{5806BBDF-C875-46D1-AC49-7AB0D9041328}.Debug|Any CPU.Build.0 = Debug|Any CPU
		{5806BBDF-C875-46D1-AC49-7AB0D9041328}.Release|Any CPU.ActiveCfg = Release|Any CPU
		{5806BBDF-C875-46D1-AC49-7AB0D9041328}.Release|Any CPU.Build.0 = Release|Any CPU
		{0F295120-C567-40E8-AAC5-BF78C4235AC4}.Debug|Any CPU.ActiveCfg = Debug|Any CPU
		{0F295120-C567-40E8-AAC5-BF78C4235AC4}.Debug|Any CPU.Build.0 = Debug|Any CPU
		{0F295120-C567-40E8-AAC5-BF78C4235AC4}.Release|Any CPU.ActiveCfg = Release|Any CPU
		{0F295120-C567-40E8-AAC5-BF78C4235AC4}.Release|Any CPU.Build.0 = Release|Any CPU
		{A8387D2A-8527-41FF-A85A-0767EE7860AE}.Debug|Any CPU.ActiveCfg = Debug|Any CPU
		{A8387D2A-8527-41FF-A85A-0767EE7860AE}.Debug|Any CPU.Build.0 = Debug|Any CPU
		{A8387D2A-8527-41FF-A85A-0767EE7860AE}.Release|Any CPU.ActiveCfg = Release|Any CPU
		{A8387D2A-8527-41FF-A85A-0767EE7860AE}.Release|Any CPU.Build.0 = Release|Any CPU
	EndGlobalSection
	GlobalSection(SolutionProperties) = preSolution
		HideSolutionNode = FALSE
	EndGlobalSection
	GlobalSection(ExtensibilityGlobals) = postSolution
		SolutionGuid = {7719CB6B-9CAC-4CC4-A6E1-5A500458A9E2}
	EndGlobalSection
EndGlobal
