
Microsoft Visual Studio Solution File, Format Version 12.00
# Visual Studio Version 17
VisualStudioVersion = 17.6.33801.468
MinimumVisualStudioVersion = 10.0.40219.1
Project("{FAE04EC0-301F-11D3-BF4B-00C04F79EFBC}") = "Databases", "Databases\Databases.csproj", "{422EB492-B808-47D8-9574-DF08C8363257}"
EndProject
Project("{FAE04EC0-301F-11D3-BF4B-00C04F79EFBC}") = "DataSetCode", "DataSetCode\DataSetCode.csproj", "{2B6D096A-CE89-47D0-8B4B-193E540F40A7}"
EndProject
Global
	GlobalSection(SolutionConfigurationPlatforms) = preSolution
		Debug|Any CPU = Debug|Any CPU
		Release|Any CPU = Release|Any CPU
	EndGlobalSection
	GlobalSection(ProjectConfigurationPlatforms) = postSolution
		{422EB492-B808-47D8-9574-DF08C8363257}.Debug|Any CPU.ActiveCfg = Debug|Any CPU
		{422EB492-B808-47D8-9574-DF08C8363257}.Debug|Any CPU.Build.0 = Debug|Any CPU
		{422EB492-B808-47D8-9574-DF08C8363257}.Release|Any CPU.ActiveCfg = Release|Any CPU
		{422EB492-B808-47D8-9574-DF08C8363257}.Release|Any CPU.Build.0 = Release|Any CPU
		{2B6D096A-CE89-47D0-8B4B-193E540F40A7}.Debug|Any CPU.ActiveCfg = Debug|Any CPU
		{2B6D096A-CE89-47D0-8B4B-193E540F40A7}.Debug|Any CPU.Build.0 = Debug|Any CPU
		{2B6D096A-CE89-47D0-8B4B-193E540F40A7}.Release|Any CPU.ActiveCfg = Release|Any CPU
		{2B6D096A-CE89-47D0-8B4B-193E540F40A7}.Release|Any CPU.Build.0 = Release|Any CPU
	EndGlobalSection
	GlobalSection(SolutionProperties) = preSolution
		HideSolutionNode = FALSE
	EndGlobalSection
	GlobalSection(ExtensibilityGlobals) = postSolution
		SolutionGuid = {77E00FA7-1F70-49FD-89B6-A162F46C98F0}
	EndGlobalSection
EndGlobal
