
Microsoft Visual Studio Solution File, Format Version 12.00
# Visual Studio Version 17
VisualStudioVersion = 17.6.33815.320
MinimumVisualStudioVersion = 10.0.40219.1
Project("{FAE04EC0-301F-11D3-BF4B-00C04F79EFBC}") = "Lab_Day_8", "Lab_Day_8\Lab_Day_8.csproj", "{7028C896-6275-4C90-A731-FEB3C89DB480}"
EndProject
Project("{FAE04EC0-301F-11D3-BF4B-00C04F79EFBC}") = "DataBases", "DataBases\DataBases.csproj", "{B58F3580-102A-4845-9A51-E21DF763329E}"
EndProject
Global
	GlobalSection(SolutionConfigurationPlatforms) = preSolution
		Debug|Any CPU = Debug|Any CPU
		Release|Any CPU = Release|Any CPU
	EndGlobalSection
	GlobalSection(ProjectConfigurationPlatforms) = postSolution
		{7028C896-6275-4C90-A731-FEB3C89DB480}.Debug|Any CPU.ActiveCfg = Debug|Any CPU
		{7028C896-6275-4C90-A731-FEB3C89DB480}.Debug|Any CPU.Build.0 = Debug|Any CPU
		{7028C896-6275-4C90-A731-FEB3C89DB480}.Release|Any CPU.ActiveCfg = Release|Any CPU
		{7028C896-6275-4C90-A731-FEB3C89DB480}.Release|Any CPU.Build.0 = Release|Any CPU
		{B58F3580-102A-4845-9A51-E21DF763329E}.Debug|Any CPU.ActiveCfg = Debug|Any CPU
		{B58F3580-102A-4845-9A51-E21DF763329E}.Debug|Any CPU.Build.0 = Debug|Any CPU
		{B58F3580-102A-4845-9A51-E21DF763329E}.Release|Any CPU.ActiveCfg = Release|Any CPU
		{B58F3580-102A-4845-9A51-E21DF763329E}.Release|Any CPU.Build.0 = Release|Any CPU
	EndGlobalSection
	GlobalSection(SolutionProperties) = preSolution
		HideSolutionNode = FALSE
	EndGlobalSection
	GlobalSection(ExtensibilityGlobals) = postSolution
		SolutionGuid = {DB5B3BBE-3C22-489D-BD5D-3C347FC99B9C}
	EndGlobalSection
EndGlobal
