
Microsoft Visual Studio Solution File, Format Version 12.00
# Visual Studio Version 17
VisualStudioVersion = 17.8.34322.80
MinimumVisualStudioVersion = 10.0.40219.1
Project("{FAE04EC0-301F-11D3-BF4B-00C04F79EFBC}") = "InheritanceAssign", "InheritanceAssign\InheritanceAssign.csproj", "{9A96CAAA-1316-4899-9B1E-D8C20DC381A0}"
EndProject
Global
	GlobalSection(SolutionConfigurationPlatforms) = preSolution
		Debug|Any CPU = Debug|Any CPU
		Release|Any CPU = Release|Any CPU
	EndGlobalSection
	GlobalSection(ProjectConfigurationPlatforms) = postSolution
		{9A96CAAA-1316-4899-9B1E-D8C20DC381A0}.Debug|Any CPU.ActiveCfg = Debug|Any CPU
		{9A96CAAA-1316-4899-9B1E-D8C20DC381A0}.Debug|Any CPU.Build.0 = Debug|Any CPU
		{9A96CAAA-1316-4899-9B1E-D8C20DC381A0}.Release|Any CPU.ActiveCfg = Release|Any CPU
		{9A96CAAA-1316-4899-9B1E-D8C20DC381A0}.Release|Any CPU.Build.0 = Release|Any CPU
	EndGlobalSection
	GlobalSection(SolutionProperties) = preSolution
		HideSolutionNode = FALSE
	EndGlobalSection
	GlobalSection(ExtensibilityGlobals) = postSolution
		SolutionGuid = {AB4C6C5A-6D6B-4C1C-9DA5-FE8457F8C891}
	EndGlobalSection
EndGlobal
