
Microsoft Visual Studio Solution File, Format Version 12.00
# Visual Studio Version 16
VisualStudioVersion = 16.0.32106.194
MinimumVisualStudioVersion = 10.0.40219.1
Project("{FAE04EC0-301F-11D3-BF4B-00C04F79EFBC}") = "WebApiServerExample", "WebApiServerExample.csproj", "{C9E4E81C-65CD-4088-A043-B00703F066E7}"
EndProject
Global
	GlobalSection(SolutionConfigurationPlatforms) = preSolution
		Debug|Any CPU = Debug|Any CPU
		Release|Any CPU = Release|Any CPU
	EndGlobalSection
	GlobalSection(ProjectConfigurationPlatforms) = postSolution
		{C9E4E81C-65CD-4088-A043-B00703F066E7}.Debug|Any CPU.ActiveCfg = Debug|Any CPU
		{C9E4E81C-65CD-4088-A043-B00703F066E7}.Debug|Any CPU.Build.0 = Debug|Any CPU
		{C9E4E81C-65CD-4088-A043-B00703F066E7}.Release|Any CPU.ActiveCfg = Release|Any CPU
		{C9E4E81C-65CD-4088-A043-B00703F066E7}.Release|Any CPU.Build.0 = Release|Any CPU
	EndGlobalSection
	GlobalSection(SolutionProperties) = preSolution
		HideSolutionNode = FALSE
	EndGlobalSection
	GlobalSection(ExtensibilityGlobals) = postSolution
		SolutionGuid = {4356BC05-2679-4068-BB03-B51E4CAB381A}
	EndGlobalSection
EndGlobal
