
Microsoft Visual Studio Solution File, Format Version 12.00
# Visual Studio Version 17
VisualStudioVersion = 17.2.32616.157
MinimumVisualStudioVersion = 10.0.40219.1
Project("{FAE04EC0-301F-11D3-BF4B-00C04F79EFBC}") = "AuthorizationFilterExample", "AuthorizationFilterExample\AuthorizationFilterExample.csproj", "{7E7EF5AC-4D67-46F8-AB11-CDB8FC134D2E}"
EndProject
Project("{2150E333-8FDC-42A3-9474-1A3956D46DE8}") = "Solution Items", "Solution Items", "{D28943CE-12E3-4705-ABF8-EF5662081B7C}"
	ProjectSection(SolutionItems) = preProject
		Readme.txt = Readme.txt
	EndProjectSection
EndProject
Project("{FAE04EC0-301F-11D3-BF4B-00C04F79EFBC}") = "ResourceFiltersExample", "ResourceFiltersExample\ResourceFiltersExample.csproj", "{7801D23B-C121-461E-B24C-28EA2355A118}"
EndProject
Project("{FAE04EC0-301F-11D3-BF4B-00C04F79EFBC}") = "ExceptionFiltersExample", "ExceptionFiltersExample\ExceptionFiltersExample.csproj", "{7F9FB7EE-FCB1-4582-B8B9-03C3116235CF}"
EndProject
Global
	GlobalSection(SolutionConfigurationPlatforms) = preSolution
		Debug|Any CPU = Debug|Any CPU
		Release|Any CPU = Release|Any CPU
	EndGlobalSection
	GlobalSection(ProjectConfigurationPlatforms) = postSolution
		{7E7EF5AC-4D67-46F8-AB11-CDB8FC134D2E}.Debug|Any CPU.ActiveCfg = Debug|Any CPU
		{7E7EF5AC-4D67-46F8-AB11-CDB8FC134D2E}.Debug|Any CPU.Build.0 = Debug|Any CPU
		{7E7EF5AC-4D67-46F8-AB11-CDB8FC134D2E}.Release|Any CPU.ActiveCfg = Release|Any CPU
		{7E7EF5AC-4D67-46F8-AB11-CDB8FC134D2E}.Release|Any CPU.Build.0 = Release|Any CPU
		{7801D23B-C121-461E-B24C-28EA2355A118}.Debug|Any CPU.ActiveCfg = Debug|Any CPU
		{7801D23B-C121-461E-B24C-28EA2355A118}.Debug|Any CPU.Build.0 = Debug|Any CPU
		{7801D23B-C121-461E-B24C-28EA2355A118}.Release|Any CPU.ActiveCfg = Release|Any CPU
		{7801D23B-C121-461E-B24C-28EA2355A118}.Release|Any CPU.Build.0 = Release|Any CPU
		{7F9FB7EE-FCB1-4582-B8B9-03C3116235CF}.Debug|Any CPU.ActiveCfg = Debug|Any CPU
		{7F9FB7EE-FCB1-4582-B8B9-03C3116235CF}.Debug|Any CPU.Build.0 = Debug|Any CPU
		{7F9FB7EE-FCB1-4582-B8B9-03C3116235CF}.Release|Any CPU.ActiveCfg = Release|Any CPU
		{7F9FB7EE-FCB1-4582-B8B9-03C3116235CF}.Release|Any CPU.Build.0 = Release|Any CPU
	EndGlobalSection
	GlobalSection(SolutionProperties) = preSolution
		HideSolutionNode = FALSE
	EndGlobalSection
	GlobalSection(ExtensibilityGlobals) = postSolution
		SolutionGuid = {B56A91A7-CAD2-44D7-A24B-65C4D4BF795D}
	EndGlobalSection
EndGlobal
