
Microsoft Visual Studio Solution File, Format Version 12.00
# Visual Studio Version 17
VisualStudioVersion = 17.6.33815.320
MinimumVisualStudioVersion = 10.0.40219.1
Project("{FAE04EC0-301F-11D3-BF4B-00C04F79EFBC}") = "WebApp1", "WebApp1.csproj", "{C3EE9185-2B63-43C7-A2BA-FFBEC00C5A07}"
EndProject
Global
	GlobalSection(SolutionConfigurationPlatforms) = preSolution
		Debug|Any CPU = Debug|Any CPU
		Release|Any CPU = Release|Any CPU
	EndGlobalSection
	GlobalSection(ProjectConfigurationPlatforms) = postSolution
		{C3EE9185-2B63-43C7-A2BA-FFBEC00C5A07}.Debug|Any CPU.ActiveCfg = Debug|Any CPU
		{C3EE9185-2B63-43C7-A2BA-FFBEC00C5A07}.Debug|Any CPU.Build.0 = Debug|Any CPU
		{C3EE9185-2B63-43C7-A2BA-FFBEC00C5A07}.Release|Any CPU.ActiveCfg = Release|Any CPU
		{C3EE9185-2B63-43C7-A2BA-FFBEC00C5A07}.Release|Any CPU.Build.0 = Release|Any CPU
	EndGlobalSection
	GlobalSection(SolutionProperties) = preSolution
		HideSolutionNode = FALSE
	EndGlobalSection
	GlobalSection(ExtensibilityGlobals) = postSolution
		SolutionGuid = {C679F6BE-D920-463C-A12D-BDD0178F90FA}
	EndGlobalSection
EndGlobal
