
Microsoft Visual Studio Solution File, Format Version 12.00
# Visual Studio Version 17
VisualStudioVersion = 17.6.33801.468
MinimumVisualStudioVersion = 10.0.40219.1
Project("{FAE04EC0-301F-11D3-BF4B-00C04F79EFBC}") = "CodeFirstExample", "CodeFirstExample.csproj", "{97E4CF5A-211D-4646-A638-9D570028C88B}"
EndProject
Global
	GlobalSection(SolutionConfigurationPlatforms) = preSolution
		Debug|Any CPU = Debug|Any CPU
		Release|Any CPU = Release|Any CPU
	EndGlobalSection
	GlobalSection(ProjectConfigurationPlatforms) = postSolution
		{97E4CF5A-211D-4646-A638-9D570028C88B}.Debug|Any CPU.ActiveCfg = Debug|Any CPU
		{97E4CF5A-211D-4646-A638-9D570028C88B}.Debug|Any CPU.Build.0 = Debug|Any CPU
		{97E4CF5A-211D-4646-A638-9D570028C88B}.Release|Any CPU.ActiveCfg = Release|Any CPU
		{97E4CF5A-211D-4646-A638-9D570028C88B}.Release|Any CPU.Build.0 = Release|Any CPU
	EndGlobalSection
	GlobalSection(SolutionProperties) = preSolution
		HideSolutionNode = FALSE
	EndGlobalSection
	GlobalSection(ExtensibilityGlobals) = postSolution
		SolutionGuid = {AD5C97DE-D18D-476B-BE26-01D81CA57D8B}
	EndGlobalSection
EndGlobal
