
Microsoft Visual Studio Solution File, Format Version 12.00
# Visual Studio Version 17
VisualStudioVersion = 17.6.33801.468
MinimumVisualStudioVersion = 10.0.40219.1
Project("{9A19103F-16F7-4668-BE54-9A1E7A4F7556}") = "LinqExample", "LinqExample\LinqExample.csproj", "{741F8C65-C1E8-4C98-A353-6A77E716B0FB}"
EndProject
Project("{FAE04EC0-301F-11D3-BF4B-00C04F79EFBC}") = "ThreadingExamples", "ThreadingExamples\ThreadingExamples.csproj", "{BFA0880B-6CB2-4EC9-A104-C6EE2BA7176F}"
EndProject
Global
	GlobalSection(SolutionConfigurationPlatforms) = preSolution
		Debug|Any CPU = Debug|Any CPU
		Release|Any CPU = Release|Any CPU
	EndGlobalSection
	GlobalSection(ProjectConfigurationPlatforms) = postSolution
		{741F8C65-C1E8-4C98-A353-6A77E716B0FB}.Debug|Any CPU.ActiveCfg = Debug|Any CPU
		{741F8C65-C1E8-4C98-A353-6A77E716B0FB}.Debug|Any CPU.Build.0 = Debug|Any CPU
		{741F8C65-C1E8-4C98-A353-6A77E716B0FB}.Release|Any CPU.ActiveCfg = Release|Any CPU
		{741F8C65-C1E8-4C98-A353-6A77E716B0FB}.Release|Any CPU.Build.0 = Release|Any CPU
		{BFA0880B-6CB2-4EC9-A104-C6EE2BA7176F}.Debug|Any CPU.ActiveCfg = Debug|Any CPU
		{BFA0880B-6CB2-4EC9-A104-C6EE2BA7176F}.Debug|Any CPU.Build.0 = Debug|Any CPU
		{BFA0880B-6CB2-4EC9-A104-C6EE2BA7176F}.Release|Any CPU.ActiveCfg = Release|Any CPU
		{BFA0880B-6CB2-4EC9-A104-C6EE2BA7176F}.Release|Any CPU.Build.0 = Release|Any CPU
	EndGlobalSection
	GlobalSection(SolutionProperties) = preSolution
		HideSolutionNode = FALSE
	EndGlobalSection
	GlobalSection(ExtensibilityGlobals) = postSolution
		SolutionGuid = {C7EC70B1-C45C-485B-85E0-FFA82438027B}
	EndGlobalSection
EndGlobal
