
Microsoft Visual Studio Solution File, Format Version 12.00
# Visual Studio Version 17
VisualStudioVersion = 17.6.33815.320
MinimumVisualStudioVersion = 10.0.40219.1
Project("{FAE04EC0-301F-11D3-BF4B-00C04F79EFBC}") = "Employee_Assignment", "Employee_Assignment\Employee_Assignment.csproj", "{977FFEF5-6EA2-4525-BF72-217F0C2E521D}"
EndProject
Global
	GlobalSection(SolutionConfigurationPlatforms) = preSolution
		Debug|Any CPU = Debug|Any CPU
		Release|Any CPU = Release|Any CPU
	EndGlobalSection
	GlobalSection(ProjectConfigurationPlatforms) = postSolution
		{977FFEF5-6EA2-4525-BF72-217F0C2E521D}.Debug|Any CPU.ActiveCfg = Debug|Any CPU
		{977FFEF5-6EA2-4525-BF72-217F0C2E521D}.Debug|Any CPU.Build.0 = Debug|Any CPU
		{977FFEF5-6EA2-4525-BF72-217F0C2E521D}.Release|Any CPU.ActiveCfg = Release|Any CPU
		{977FFEF5-6EA2-4525-BF72-217F0C2E521D}.Release|Any CPU.Build.0 = Release|Any CPU
	EndGlobalSection
	GlobalSection(SolutionProperties) = preSolution
		HideSolutionNode = FALSE
	EndGlobalSection
	GlobalSection(ExtensibilityGlobals) = postSolution
		SolutionGuid = {B98DDEBB-35A8-45C4-AB34-0F5F5270708B}
	EndGlobalSection
EndGlobal
