
Microsoft Visual Studio Solution File, Format Version 12.00
# Visual Studio Version 17
VisualStudioVersion = 17.6.33815.320
MinimumVisualStudioVersion = 10.0.40219.1
Project("{FAE04EC0-301F-11D3-BF4B-00C04F79EFBC}") = "ServerConnectionDemo", "ServerConnectionDemo.csproj", "{FA72241C-C83B-4323-9E9D-191EA0A060AD}"
EndProject
Global
	GlobalSection(SolutionConfigurationPlatforms) = preSolution
		Debug|Any CPU = Debug|Any CPU
		Release|Any CPU = Release|Any CPU
	EndGlobalSection
	GlobalSection(ProjectConfigurationPlatforms) = postSolution
		{FA72241C-C83B-4323-9E9D-191EA0A060AD}.Debug|Any CPU.ActiveCfg = Debug|Any CPU
		{FA72241C-C83B-4323-9E9D-191EA0A060AD}.Debug|Any CPU.Build.0 = Debug|Any CPU
		{FA72241C-C83B-4323-9E9D-191EA0A060AD}.Release|Any CPU.ActiveCfg = Release|Any CPU
		{FA72241C-C83B-4323-9E9D-191EA0A060AD}.Release|Any CPU.Build.0 = Release|Any CPU
	EndGlobalSection
	GlobalSection(SolutionProperties) = preSolution
		HideSolutionNode = FALSE
	EndGlobalSection
	GlobalSection(ExtensibilityGlobals) = postSolution
		SolutionGuid = {1A3C3597-6AF0-4D32-8D67-5E69950E2E2D}
	EndGlobalSection
EndGlobal
